# This file is automatically @generated by Cargo.
# It is not intended for manual editing.
[[package]]
name = "float-cmp"
version = "0.4.0"
source = "registry+https://github.com/rust-lang/crates.io-index"
dependencies = [
 "num-traits 0.2.6 (registry+https://github.com/rust-lang/crates.io-index)",
]

[[package]]
name = "jbtracer"
version = "0.1.0"
dependencies = [
 "float-cmp 0.4.0 (registry+https://github.com/rust-lang/crates.io-index)",
]

[[package]]
name = "num-traits"
version = "0.2.6"
source = "registry+https://github.com/rust-lang/crates.io-index"

[metadata]
"checksum float-cmp 0.4.0 (registry+https://github.com/rust-lang/crates.io-index)" = "134a8fa843d80a51a5b77d36d42bc2def9edcb0262c914861d08129fd1926600"
"checksum num-traits 0.2.6 (registry+https://github.com/rust-lang/crates.io-index)" = "0b3a5d7cc97d6d30d8b9bc8fa19bf45349ffe46241e8816f50f62f6d6aaabee1"
