# This file is automatically @generated by Cargo.
# It is not intended for manual editing.
[[package]]
name = "autocfg"
version = "1.0.1"
source = "registry+https://github.com/rust-lang/crates.io-index"
checksum = "cdb031dd78e28731d87d56cc8ffef4a8f36ca26c38fe2de700543e627f8a464a"

[[package]]
name = "float-cmp"
version = "0.4.0"
source = "registry+https://github.com/rust-lang/crates.io-index"
checksum = "134a8fa843d80a51a5b77d36d42bc2def9edcb0262c914861d08129fd1926600"
dependencies = [
 "num-traits",
]

[[package]]
name = "num-traits"
version = "0.2.12"
source = "registry+https://github.com/rust-lang/crates.io-index"
checksum = "ac267bcc07f48ee5f8935ab0d24f316fb722d7a1292e2913f0cc196b29ffd611"
dependencies = [
 "autocfg",
]

[[package]]
name = "tracer-rs"
version = "0.1.0"
dependencies = [
 "float-cmp",
]
